
Microsoft Visual Studio Solution File, Format Version 12.00
# Visual Studio Version 16
VisualStudioVersion = 16.0.29911.84
MinimumVisualStudioVersion = 10.0.40219.1
Project("{FAE04EC0-301F-11D3-BF4B-00C04F79EFBC}") = "MusiCore", "MusiCore\MusiCore.csproj", "{A608FBA9-5062-4305-AD50-47B74213A59C}"
EndProject
Global
	GlobalSection(SolutionConfigurationPlatforms) = preSolution
		Debug|Any CPU = Debug|Any CPU
		Release|Any CPU = Release|Any CPU
	EndGlobalSection
	GlobalSection(ProjectConfigurationPlatforms) = postSolution
		{A608FBA9-5062-4305-AD50-47B74213A59C}.Debug|Any CPU.ActiveCfg = Debug|Any CPU
		{A608FBA9-5062-4305-AD50-47B74213A59C}.Debug|Any CPU.Build.0 = Debug|Any CPU
		{A608FBA9-5062-4305-AD50-47B74213A59C}.Release|Any CPU.ActiveCfg = Release|Any CPU
		{A608FBA9-5062-4305-AD50-47B74213A59C}.Release|Any CPU.Build.0 = Release|Any CPU
	EndGlobalSection
	GlobalSection(SolutionProperties) = preSolution
		HideSolutionNode = FALSE
	EndGlobalSection
	GlobalSection(ExtensibilityGlobals) = postSolution
		SolutionGuid = {0E95464B-F0AE-42E4-996D-D7E141B3AF0E}
	EndGlobalSection
EndGlobal
