
Microsoft Visual Studio Solution File, Format Version 12.00
# Visual Studio Version 16
VisualStudioVersion = 16.0.29911.84
MinimumVisualStudioVersion = 10.0.40219.1
Project("{FAE04EC0-301F-11D3-BF4B-00C04F79EFBC}") = "MusiCore", "MusiCore\MusiCore.csproj", "{A246369A-CF4B-48A4-B86E-E1D676A265D0}"
EndProject
Global
	GlobalSection(SolutionConfigurationPlatforms) = preSolution
		Debug|Any CPU = Debug|Any CPU
		Release|Any CPU = Release|Any CPU
	EndGlobalSection
	GlobalSection(ProjectConfigurationPlatforms) = postSolution
		{A246369A-CF4B-48A4-B86E-E1D676A265D0}.Debug|Any CPU.ActiveCfg = Debug|Any CPU
		{A246369A-CF4B-48A4-B86E-E1D676A265D0}.Debug|Any CPU.Build.0 = Debug|Any CPU
		{A246369A-CF4B-48A4-B86E-E1D676A265D0}.Release|Any CPU.ActiveCfg = Release|Any CPU
		{A246369A-CF4B-48A4-B86E-E1D676A265D0}.Release|Any CPU.Build.0 = Release|Any CPU
	EndGlobalSection
	GlobalSection(SolutionProperties) = preSolution
		HideSolutionNode = FALSE
	EndGlobalSection
	GlobalSection(ExtensibilityGlobals) = postSolution
		SolutionGuid = {D342CBB2-8FE5-4ED0-A1D9-6DF321D60F62}
	EndGlobalSection
EndGlobal
